
Microsoft Visual Studio Solution File, Format Version 12.00
# Visual Studio 14
VisualStudioVersion = 14.0.25420.1
MinimumVisualStudioVersion = 10.0.40219.1
Project("{FAE04EC0-301F-11D3-BF4B-00C04F79EFBC}") = "b3dteam launcher", "b3dteam\b3dteam launcher.csproj", "{D65271A8-C81B-4BEB-84A5-27E9C251D451}"
EndProject
Project("{FAE04EC0-301F-11D3-BF4B-00C04F79EFBC}") = "b3dteam app", "b3dteam app\b3dteam app.csproj", "{D2CEFF8F-EDCD-401B-9A72-18A4556689BC}"
EndProject
Project("{FAE04EC0-301F-11D3-BF4B-00C04F79EFBC}") = "helper", "helper\helper.csproj", "{AD318E3E-47E8-42D6-BF70-D2EB1246C98C}"
EndProject
Project("{FAE04EC0-301F-11D3-BF4B-00C04F79EFBC}") = "SmithHtmlEditor", "..\..\..\..\Desktop\SmithHtmlEditor\SmithHtmlEditor.csproj", "{84BADDA1-AB3A-4064-B87E-178D7446901D}"
EndProject
Global
	GlobalSection(SolutionConfigurationPlatforms) = preSolution
		Debug|Any CPU = Debug|Any CPU
		Debug|x64 = Debug|x64
		Debug|x86 = Debug|x86
		Release|Any CPU = Release|Any CPU
		Release|x64 = Release|x64
		Release|x86 = Release|x86
	EndGlobalSection
	GlobalSection(ProjectConfigurationPlatforms) = postSolution
		{D65271A8-C81B-4BEB-84A5-27E9C251D451}.Debug|Any CPU.ActiveCfg = Debug|Any CPU
		{D65271A8-C81B-4BEB-84A5-27E9C251D451}.Debug|Any CPU.Build.0 = Debug|Any CPU
		{D65271A8-C81B-4BEB-84A5-27E9C251D451}.Debug|x64.ActiveCfg = Debug|x64
		{D65271A8-C81B-4BEB-84A5-27E9C251D451}.Debug|x64.Build.0 = Debug|x64
		{D65271A8-C81B-4BEB-84A5-27E9C251D451}.Debug|x86.ActiveCfg = Debug|x86
		{D65271A8-C81B-4BEB-84A5-27E9C251D451}.Debug|x86.Build.0 = Debug|x86
		{D65271A8-C81B-4BEB-84A5-27E9C251D451}.Release|Any CPU.ActiveCfg = Release|Any CPU
		{D65271A8-C81B-4BEB-84A5-27E9C251D451}.Release|Any CPU.Build.0 = Release|Any CPU
		{D65271A8-C81B-4BEB-84A5-27E9C251D451}.Release|x64.ActiveCfg = Release|x64
		{D65271A8-C81B-4BEB-84A5-27E9C251D451}.Release|x64.Build.0 = Release|x64
		{D65271A8-C81B-4BEB-84A5-27E9C251D451}.Release|x86.ActiveCfg = Release|x86
		{D65271A8-C81B-4BEB-84A5-27E9C251D451}.Release|x86.Build.0 = Release|x86
		{D2CEFF8F-EDCD-401B-9A72-18A4556689BC}.Debug|Any CPU.ActiveCfg = Debug|Any CPU
		{D2CEFF8F-EDCD-401B-9A72-18A4556689BC}.Debug|Any CPU.Build.0 = Debug|Any CPU
		{D2CEFF8F-EDCD-401B-9A72-18A4556689BC}.Debug|x64.ActiveCfg = Debug|x64
		{D2CEFF8F-EDCD-401B-9A72-18A4556689BC}.Debug|x64.Build.0 = Debug|x64
		{D2CEFF8F-EDCD-401B-9A72-18A4556689BC}.Debug|x86.ActiveCfg = Debug|x86
		{D2CEFF8F-EDCD-401B-9A72-18A4556689BC}.Debug|x86.Build.0 = Debug|x86
		{D2CEFF8F-EDCD-401B-9A72-18A4556689BC}.Release|Any CPU.ActiveCfg = Release|Any CPU
		{D2CEFF8F-EDCD-401B-9A72-18A4556689BC}.Release|Any CPU.Build.0 = Release|Any CPU
		{D2CEFF8F-EDCD-401B-9A72-18A4556689BC}.Release|x64.ActiveCfg = Release|x64
		{D2CEFF8F-EDCD-401B-9A72-18A4556689BC}.Release|x64.Build.0 = Release|x64
		{D2CEFF8F-EDCD-401B-9A72-18A4556689BC}.Release|x86.ActiveCfg = Release|x86
		{D2CEFF8F-EDCD-401B-9A72-18A4556689BC}.Release|x86.Build.0 = Release|x86
		{AD318E3E-47E8-42D6-BF70-D2EB1246C98C}.Debug|Any CPU.ActiveCfg = Debug|Any CPU
		{AD318E3E-47E8-42D6-BF70-D2EB1246C98C}.Debug|Any CPU.Build.0 = Debug|Any CPU
		{AD318E3E-47E8-42D6-BF70-D2EB1246C98C}.Debug|x64.ActiveCfg = Debug|x64
		{AD318E3E-47E8-42D6-BF70-D2EB1246C98C}.Debug|x64.Build.0 = Debug|x64
		{AD318E3E-47E8-42D6-BF70-D2EB1246C98C}.Debug|x86.ActiveCfg = Debug|x86
		{AD318E3E-47E8-42D6-BF70-D2EB1246C98C}.Debug|x86.Build.0 = Debug|x86
		{AD318E3E-47E8-42D6-BF70-D2EB1246C98C}.Release|Any CPU.ActiveCfg = Release|Any CPU
		{AD318E3E-47E8-42D6-BF70-D2EB1246C98C}.Release|Any CPU.Build.0 = Release|Any CPU
		{AD318E3E-47E8-42D6-BF70-D2EB1246C98C}.Release|x64.ActiveCfg = Release|x64
		{AD318E3E-47E8-42D6-BF70-D2EB1246C98C}.Release|x64.Build.0 = Release|x64
		{AD318E3E-47E8-42D6-BF70-D2EB1246C98C}.Release|x86.ActiveCfg = Release|x86
		{AD318E3E-47E8-42D6-BF70-D2EB1246C98C}.Release|x86.Build.0 = Release|x86
		{84BADDA1-AB3A-4064-B87E-178D7446901D}.Debug|Any CPU.ActiveCfg = Debug|Any CPU
		{84BADDA1-AB3A-4064-B87E-178D7446901D}.Debug|Any CPU.Build.0 = Debug|Any CPU
		{84BADDA1-AB3A-4064-B87E-178D7446901D}.Debug|x64.ActiveCfg = Debug|Any CPU
		{84BADDA1-AB3A-4064-B87E-178D7446901D}.Debug|x64.Build.0 = Debug|Any CPU
		{84BADDA1-AB3A-4064-B87E-178D7446901D}.Debug|x86.ActiveCfg = Debug|x86
		{84BADDA1-AB3A-4064-B87E-178D7446901D}.Debug|x86.Build.0 = Debug|x86
		{84BADDA1-AB3A-4064-B87E-178D7446901D}.Release|Any CPU.ActiveCfg = Release|Any CPU
		{84BADDA1-AB3A-4064-B87E-178D7446901D}.Release|Any CPU.Build.0 = Release|Any CPU
		{84BADDA1-AB3A-4064-B87E-178D7446901D}.Release|x64.ActiveCfg = Release|Any CPU
		{84BADDA1-AB3A-4064-B87E-178D7446901D}.Release|x64.Build.0 = Release|Any CPU
		{84BADDA1-AB3A-4064-B87E-178D7446901D}.Release|x86.ActiveCfg = Release|x86
		{84BADDA1-AB3A-4064-B87E-178D7446901D}.Release|x86.Build.0 = Release|x86
	EndGlobalSection
	GlobalSection(SolutionProperties) = preSolution
		HideSolutionNode = FALSE
	EndGlobalSection
EndGlobal
